Microsoft Visual Studio Solution File, Format Version 12.00
# Visual Studio Version 17
VisualStudioVersion = 17.9.34310.174
MinimumVisualStudioVersion = 10.0.40219.1
Project("{9A19103F-16F7-4668-BE54-9A1E7A4F7556}") = "LeaveManagement.Persistence", "LeaveManagement.Persistence\LeaveManagement.Persistence.csproj", "{29206C4D-A17E-4364-9465-16EE7633796C}"
EndProject
Project("{9A19103F-16F7-4668-BE54-9A1E7A4F7556}") = "LeaveManagement.Domain", "LeaveManagement.Domain\LeaveManagement.Domain.csproj", "{82070BDD-085E-40A5-B475-CDE91F3AA588}"
EndProject
Project("{9A19103F-16F7-4668-BE54-9A1E7A4F7556}") = "LeaveManagement.Application", "LeaveManagement.Application\LeaveManagement.Application.csproj", "{20758824-1AE4-4FB6-B9B7-7396D721B702}"
EndProject
Project("{9A19103F-16F7-4668-BE54-9A1E7A4F7556}") = "LeaveManagement.API", "LeaveManagement.API\LeaveManagement.API.csproj", "{DB11938B-71BB-401D-ADB9-5A3EA90F8025}"
EndProject
Project("{2150E333-8FDC-42A3-9474-1A3956D46DE8}") = "src", "src", "{5EC83D80-96A4-4CA3-A621-EEAC5CC2B108}"
EndProject
Project("{2150E333-8FDC-42A3-9474-1A3956D46DE8}") = "tests", "tests", "{35D59C93-27C0-4CBA-B316-44B7C115B75C}"
EndProject
Project("{9A19103F-16F7-4668-BE54-9A1E7A4F7556}") = "LeaveManagement.Persistence.IntegrationTests", "LeaveManagement.Integration.Tests\LeaveManagement.Persistence.IntegrationTests.csproj", "{CF0A24ED-5D04-4DEF-A1BB-88B7478066DB}"
EndProject
Project("{FAE04EC0-301F-11D3-BF4B-00C04F79EFBC}") = "LeaveManagement.API.IntegrationTests", "LeaveManagement.API.IntegrationTests\LeaveManagement.API.IntegrationTests.csproj", "{ED757DB3-2ADE-4828-9152-61A33CC08D6B}"
EndProject
Project("{FAE04EC0-301F-11D3-BF4B-00C04F79EFBC}") = "LeaveManagement.Tests.Common", "LeaveManagement.Tests.Common\LeaveManagement.Tests.Common.csproj", "{D629DF43-27F9-45F7-A65F-A85B90C8DB57}"
EndProject
Project("{FAE04EC0-301F-11D3-BF4B-00C04F79EFBC}") = "LeaveManagement.AppHost", "LeaveManagement.AppHost\LeaveManagement.AppHost.csproj", "{2115890F-87E2-4F62-8B5C-FA4E6DC179D2}"
EndProject
Project("{FAE04EC0-301F-11D3-BF4B-00C04F79EFBC}") = "LeaveManagement.ServiceDefaults", "LeaveManagement.ServiceDefaults\LeaveManagement.ServiceDefaults.csproj", "{54F1DDAF-5899-41EE-AFC9-EB6B67BE077F}"
EndProject
Project("{2150E333-8FDC-42A3-9474-1A3956D46DE8}") = "Presentation", "Presentation", "{15251A8D-31F0-4B39-9133-E9C0D2F21BD9}"
EndProject
Project("{2150E333-8FDC-42A3-9474-1A3956D46DE8}") = "Infrastructure", "Infrastructure", "{C1940DAE-59DF-4F8F-8F2C-A1A39072FE62}"
EndProject
Project("{2150E333-8FDC-42A3-9474-1A3956D46DE8}") = "Application", "Application", "{87CE7BC3-BB0E-4560-A5EB-7B7C5E110DA7}"
EndProject
Project("{2150E333-8FDC-42A3-9474-1A3956D46DE8}") = "Domain", "Domain", "{8EF9A4BF-22E0-4B80-A2AC-310EA37E67B4}"
EndProject
Global
	GlobalSection(SolutionConfigurationPlatforms) = preSolution
		Debug|Any CPU = Debug|Any CPU
		Release|Any CPU = Release|Any CPU
	EndGlobalSection
	GlobalSection(ProjectConfigurationPlatforms) = postSolution
		{29206C4D-A17E-4364-9465-16EE7633796C}.Debug|Any CPU.ActiveCfg = Debug|Any CPU
		{29206C4D-A17E-4364-9465-16EE7633796C}.Debug|Any CPU.Build.0 = Debug|Any CPU
		{29206C4D-A17E-4364-9465-16EE7633796C}.Release|Any CPU.ActiveCfg = Release|Any CPU
		{29206C4D-A17E-4364-9465-16EE7633796C}.Release|Any CPU.Build.0 = Release|Any CPU
		{82070BDD-085E-40A5-B475-CDE91F3AA588}.Debug|Any CPU.ActiveCfg = Debug|Any CPU
		{82070BDD-085E-40A5-B475-CDE91F3AA588}.Debug|Any CPU.Build.0 = Debug|Any CPU
		{82070BDD-085E-40A5-B475-CDE91F3AA588}.Release|Any CPU.ActiveCfg = Release|Any CPU
		{82070BDD-085E-40A5-B475-CDE91F3AA588}.Release|Any CPU.Build.0 = Release|Any CPU
		{20758824-1AE4-4FB6-B9B7-7396D721B702}.Debug|Any CPU.ActiveCfg = Debug|Any CPU
		{20758824-1AE4-4FB6-B9B7-7396D721B702}.Debug|Any CPU.Build.0 = Debug|Any CPU
		{20758824-1AE4-4FB6-B9B7-7396D721B702}.Release|Any CPU.ActiveCfg = Release|Any CPU
		{20758824-1AE4-4FB6-B9B7-7396D721B702}.Release|Any CPU.Build.0 = Release|Any CPU
		{DB11938B-71BB-401D-ADB9-5A3EA90F8025}.Debug|Any CPU.ActiveCfg = Debug|Any CPU
		{DB11938B-71BB-401D-ADB9-5A3EA90F8025}.Debug|Any CPU.Build.0 = Debug|Any CPU
		{DB11938B-71BB-401D-ADB9-5A3EA90F8025}.Release|Any CPU.ActiveCfg = Release|Any CPU
		{DB11938B-71BB-401D-ADB9-5A3EA90F8025}.Release|Any CPU.Build.0 = Release|Any CPU
		{CF0A24ED-5D04-4DEF-A1BB-88B7478066DB}.Debug|Any CPU.ActiveCfg = Debug|Any CPU
		{CF0A24ED-5D04-4DEF-A1BB-88B7478066DB}.Debug|Any CPU.Build.0 = Debug|Any CPU
		{CF0A24ED-5D04-4DEF-A1BB-88B7478066DB}.Release|Any CPU.ActiveCfg = Release|Any CPU
		{CF0A24ED-5D04-4DEF-A1BB-88B7478066DB}.Release|Any CPU.Build.0 = Release|Any CPU
		{ED757DB3-2ADE-4828-9152-61A33CC08D6B}.Debug|Any CPU.ActiveCfg = Debug|Any CPU
		{ED757DB3-2ADE-4828-9152-61A33CC08D6B}.Debug|Any CPU.Build.0 = Debug|Any CPU
		{ED757DB3-2ADE-4828-9152-61A33CC08D6B}.Release|Any CPU.ActiveCfg = Release|Any CPU
		{ED757DB3-2ADE-4828-9152-61A33CC08D6B}.Release|Any CPU.Build.0 = Release|Any CPU
		{D629DF43-27F9-45F7-A65F-A85B90C8DB57}.Debug|Any CPU.ActiveCfg = Debug|Any CPU
		{D629DF43-27F9-45F7-A65F-A85B90C8DB57}.Debug|Any CPU.Build.0 = Debug|Any CPU
		{D629DF43-27F9-45F7-A65F-A85B90C8DB57}.Release|Any CPU.ActiveCfg = Release|Any CPU
		{D629DF43-27F9-45F7-A65F-A85B90C8DB57}.Release|Any CPU.Build.0 = Release|Any CPU
		{2115890F-87E2-4F62-8B5C-FA4E6DC179D2}.Debug|Any CPU.ActiveCfg = Debug|Any CPU
		{2115890F-87E2-4F62-8B5C-FA4E6DC179D2}.Debug|Any CPU.Build.0 = Debug|Any CPU
		{2115890F-87E2-4F62-8B5C-FA4E6DC179D2}.Release|Any CPU.ActiveCfg = Release|Any CPU
		{2115890F-87E2-4F62-8B5C-FA4E6DC179D2}.Release|Any CPU.Build.0 = Release|Any CPU
		{54F1DDAF-5899-41EE-AFC9-EB6B67BE077F}.Debug|Any CPU.ActiveCfg = Debug|Any CPU
		{54F1DDAF-5899-41EE-AFC9-EB6B67BE077F}.Debug|Any CPU.Build.0 = Debug|Any CPU
		{54F1DDAF-5899-41EE-AFC9-EB6B67BE077F}.Release|Any CPU.ActiveCfg = Release|Any CPU
		{54F1DDAF-5899-41EE-AFC9-EB6B67BE077F}.Release|Any CPU.Build.0 = Release|Any CPU
	EndGlobalSection
	GlobalSection(SolutionProperties) = preSolution
		HideSolutionNode = FALSE
	EndGlobalSection
	GlobalSection(NestedProjects) = preSolution
		{29206C4D-A17E-4364-9465-16EE7633796C} = {C1940DAE-59DF-4F8F-8F2C-A1A39072FE62}
		{82070BDD-085E-40A5-B475-CDE91F3AA588} = {8EF9A4BF-22E0-4B80-A2AC-310EA37E67B4}
		{20758824-1AE4-4FB6-B9B7-7396D721B702} = {87CE7BC3-BB0E-4560-A5EB-7B7C5E110DA7}
		{DB11938B-71BB-401D-ADB9-5A3EA90F8025} = {15251A8D-31F0-4B39-9133-E9C0D2F21BD9}
		{CF0A24ED-5D04-4DEF-A1BB-88B7478066DB} = {35D59C93-27C0-4CBA-B316-44B7C115B75C}
		{ED757DB3-2ADE-4828-9152-61A33CC08D6B} = {35D59C93-27C0-4CBA-B316-44B7C115B75C}
		{D629DF43-27F9-45F7-A65F-A85B90C8DB57} = {35D59C93-27C0-4CBA-B316-44B7C115B75C}
		{2115890F-87E2-4F62-8B5C-FA4E6DC179D2} = {C1940DAE-59DF-4F8F-8F2C-A1A39072FE62}
		{54F1DDAF-5899-41EE-AFC9-EB6B67BE077F} = {C1940DAE-59DF-4F8F-8F2C-A1A39072FE62}
		{15251A8D-31F0-4B39-9133-E9C0D2F21BD9} = {5EC83D80-96A4-4CA3-A621-EEAC5CC2B108}
		{C1940DAE-59DF-4F8F-8F2C-A1A39072FE62} = {5EC83D80-96A4-4CA3-A621-EEAC5CC2B108}
		{87CE7BC3-BB0E-4560-A5EB-7B7C5E110DA7} = {5EC83D80-96A4-4CA3-A621-EEAC5CC2B108}
		{8EF9A4BF-22E0-4B80-A2AC-310EA37E67B4} = {5EC83D80-96A4-4CA3-A621-EEAC5CC2B108}
	EndGlobalSection
	GlobalSection(ExtensibilityGlobals) = postSolution
		SolutionGuid = {5CD98B2C-D978-498D-B94E-5615A3687BF0}
	EndGlobalSection
EndGlobal
